<?xml version="1.0" encoding="utf-8"?>
<Project ToolsVersion="4.0" xmlns="http://schemas.microsoft.com/developer/msbuild/2003">
  <ItemGroup>
    <Filter Include="Source Files">
      <UniqueIdentifier>{4FC737F1-C7A5-4376-A066-2A32D752A2FF}</UniqueIdentifier>
      <Extensions>cpp;c;cc;cxx;c++;cppm;ixx;def;odl;idl;hpj;bat;asm;asmx</Extensions>
    </Filter>
    <Filter Include="Header Files">
      <UniqueIdentifier>{93995380-89BD-4b04-88EB-625FBE52EBFB}</UniqueIdentifier>
      <Extensions>h;hh;hpp;hxx;h++;hm;inl;inc;ipp;xsd</Extensions>
    </Filter>
    <Filter Include="Resource Files">
      <UniqueIdentifier>{67DA6AB6-F800-4c08-8B7A-83BB121AAD01}</UniqueIdentifier>
      <Extensions>rc;ico;cur;bmp;dlg;rc2;rct;bin;rgs;gif;jpg;jpeg;jpe;resx;tiff;tif;png;wav;mfcribbon-ms</Extensions>
    </Filter>
    <Filter Include="Data">
      <UniqueIdentifier>{17e8990d-c91a-4ee1-9691-976621c80e71}</UniqueIdentifier>
    </Filter>
    <Filter Include="Data\Day1">
      <UniqueIdentifier>{4ba15455-2276-4837-8ba2-5b1df6e3133e}</UniqueIdentifier>
    </Filter>
    <Filter Include="Data\Day2">
      <UniqueIdentifier>{e3f7ce1d-f8ae-4d7c-b81c-b9c2fcb33220}</UniqueIdentifier>
    </Filter>
    <Filter Include="Data\Day3">
      <UniqueIdentifier>{2d961b9c-6214-4d2f-be19-c03dd76495ba}</UniqueIdentifier>
    </Filter>
    <Filter Include="Data\Day4">
      <UniqueIdentifier>{57577f39-dd07-4776-a870-5e9870bbef74}</UniqueIdentifier>
    </Filter>
    <Filter Include="Data\Day5">
      <UniqueIdentifier>{323692d1-041a-4ff3-a95b-163ba761c3b7}</UniqueIdentifier>
    </Filter>
    <Filter Include="Data\Day6">
      <UniqueIdentifier>{ca7c3131-7753-492f-bb05-473cec258a1b}</UniqueIdentifier>
    </Filter>
  </ItemGroup>
  <ItemGroup>
    <ClCompile Include="AdventOfCode.cpp">
      <Filter>Source Files</Filter>
    </ClCompile>
    <ClCompile Include="AdventPuzzleSolutions.cpp">
      <Filter>Source Files</Filter>
    </ClCompile>
  </ItemGroup>
  <ItemGroup>
    <ClInclude Include="AdventPuzzleSolutions.h">
      <Filter>Header Files</Filter>
    </ClInclude>
  </ItemGroup>
  <ItemGroup>
    <Text Include="..\Data\Day1\input.txt">
      <Filter>Data\Day1</Filter>
    </Text>
    <Text Include="..\Data\Day2\input.txt">
      <Filter>Data\Day2</Filter>
    </Text>
    <Text Include="..\Data\Day3\input.txt">
      <Filter>Data\Day3</Filter>
    </Text>
    <Text Include="..\Data\Day4\input.txt">
      <Filter>Data\Day4</Filter>
    </Text>
    <Text Include="..\Data\Day5\input.txt">
      <Filter>Data\Day5</Filter>
    </Text>
    <Text Include="..\Data\Day6\input.txt">
      <Filter>Data\Day6</Filter>
    </Text>
  </ItemGroup>
</Project>